{
  "name": "aoc-2023",
  "version": "1.0.0",
  "lockfileVersion": 3,
  "requires": true,
  "packages": {
    "": {
      "name": "aoc-2023",
      "version": "1.0.0",
      "license": "ISC",
      "dependencies": {
        "lcm": "^0.0.3",
        "lodash": "^4.17.21"
      }
    },
    "node_modules/gcd": {
      "version": "0.0.1",
      "resolved": "https://registry.npmjs.org/gcd/-/gcd-0.0.1.tgz",
      "integrity": "sha512-VNx3UEGr+ILJTiMs1+xc5SX1cMgJCrXezKPa003APUWNqQqaF6n25W8VcR7nHN6yRWbvvUTwCpZCFJeWC2kXlw=="
    },
    "node_modules/lcm": {
      "version": "0.0.3",
      "resolved": "https://registry.npmjs.org/lcm/-/lcm-0.0.3.tgz",
      "integrity": "sha512-TB+ZjoillV6B26Vspf9l2L/vKaRY/4ep3hahcyVkCGFgsTNRUQdc24bQeNFiZeoxH0vr5+7SfNRMQuPHv/1IrQ==",
      "dependencies": {
        "gcd": "^0.0.1"
      }
    },
    "node_modules/lodash": {
      "version": "4.17.21",
      "resolved": "https://registry.npmjs.org/lodash/-/lodash-4.17.21.tgz",
      "integrity": "sha512-v2kDEe57lecTulaDIuNTPy3Ry4gLGJ6Z1O3vE1krgXZNrsQ+LFTGHVxVjcXPs17LhbZVGedAJv8XZ1tvj5FvSg=="
    }
  }
}
